
Microsoft Visual Studio Solution File, Format Version 12.00
# Visual Studio Version 16
VisualStudioVersion = 16.0.29009.5
MinimumVisualStudioVersion = 10.0.40219.1
Project("{FAE04EC0-301F-11D3-BF4B-00C04F79EFBC}") = "Console访问中医药数据库（测试）", "Console访问中医药数据库（测试）\Console访问中医药数据库（测试）.csproj", "{2478F853-3E21-4130-A9BA-CF3C41CA06F6}"
EndProject
Project("{9A19103F-16F7-4668-BE54-9A1E7A4F7556}") = "TCMServerConstructionAuxiliary", "TCMServerConstructionAuxiliary\TCMServerConstructionAuxiliary.csproj", "{39717176-2943-41DC-831E-79F12B152024}"
EndProject
Project("{FAE04EC0-301F-11D3-BF4B-00C04F79EFBC}") = "Windows窗体访问中医药数据库", "Windows窗体访问中医药数据库\Windows窗体访问中医药数据库.csproj", "{176441C4-EB37-4E2D-AA5F-DBD145E98B7C}"
EndProject
Project("{2150E333-8FDC-42A3-9474-1A3956D46DE8}") = "Solution Items", "Solution Items", "{2740FE4F-4383-4BA2-9329-B560403A3E34}"
	ProjectSection(SolutionItems) = preProject
		README.md = README.md
	EndProjectSection
EndProject
Project("{E24C65DC-7377-472B-9ABA-BC803B73C61A}") = "LandSpark(1)", "LandSpark\", "{6718F82E-0D42-4971-B6B9-9D16D2391440}"
	ProjectSection(WebsiteProperties) = preProject
		TargetFrameworkMoniker = ".NETFramework,Version%3Dv4.0"
		Debug.AspNetCompiler.VirtualPath = "/localhost_64891"
		Debug.AspNetCompiler.PhysicalPath = "LandSpark\"
		Debug.AspNetCompiler.TargetPath = "PrecompiledWeb\localhost_64891\"
		Debug.AspNetCompiler.Updateable = "true"
		Debug.AspNetCompiler.ForceOverwrite = "true"
		Debug.AspNetCompiler.FixedNames = "false"
		Debug.AspNetCompiler.Debug = "True"
		Release.AspNetCompiler.VirtualPath = "/localhost_64891"
		Release.AspNetCompiler.PhysicalPath = "LandSpark\"
		Release.AspNetCompiler.TargetPath = "PrecompiledWeb\localhost_64891\"
		Release.AspNetCompiler.Updateable = "true"
		Release.AspNetCompiler.ForceOverwrite = "true"
		Release.AspNetCompiler.FixedNames = "false"
		Release.AspNetCompiler.Debug = "False"
		VWDPort = "64891"
		SlnRelativePath = "LandSpark\"
	EndProjectSection
EndProject
Project("{FAE04EC0-301F-11D3-BF4B-00C04F79EFBC}") = "中医药数据库查询", "中医药数据库查询\中医药数据库查询.csproj", "{B8E4C98C-135D-4682-8614-A1D6B3523527}"
EndProject
Global
	GlobalSection(SolutionConfigurationPlatforms) = preSolution
		Debug|Any CPU = Debug|Any CPU
		Release|Any CPU = Release|Any CPU
	EndGlobalSection
	GlobalSection(ProjectConfigurationPlatforms) = postSolution
		{2478F853-3E21-4130-A9BA-CF3C41CA06F6}.Debug|Any CPU.ActiveCfg = Debug|Any CPU
		{2478F853-3E21-4130-A9BA-CF3C41CA06F6}.Debug|Any CPU.Build.0 = Debug|Any CPU
		{2478F853-3E21-4130-A9BA-CF3C41CA06F6}.Release|Any CPU.ActiveCfg = Release|Any CPU
		{2478F853-3E21-4130-A9BA-CF3C41CA06F6}.Release|Any CPU.Build.0 = Release|Any CPU
		{39717176-2943-41DC-831E-79F12B152024}.Debug|Any CPU.ActiveCfg = Debug|Any CPU
		{39717176-2943-41DC-831E-79F12B152024}.Debug|Any CPU.Build.0 = Debug|Any CPU
		{39717176-2943-41DC-831E-79F12B152024}.Release|Any CPU.ActiveCfg = Release|Any CPU
		{39717176-2943-41DC-831E-79F12B152024}.Release|Any CPU.Build.0 = Release|Any CPU
		{176441C4-EB37-4E2D-AA5F-DBD145E98B7C}.Debug|Any CPU.ActiveCfg = Debug|Any CPU
		{176441C4-EB37-4E2D-AA5F-DBD145E98B7C}.Debug|Any CPU.Build.0 = Debug|Any CPU
		{176441C4-EB37-4E2D-AA5F-DBD145E98B7C}.Release|Any CPU.ActiveCfg = Release|Any CPU
		{176441C4-EB37-4E2D-AA5F-DBD145E98B7C}.Release|Any CPU.Build.0 = Release|Any CPU
		{6718F82E-0D42-4971-B6B9-9D16D2391440}.Debug|Any CPU.ActiveCfg = Debug|Any CPU
		{6718F82E-0D42-4971-B6B9-9D16D2391440}.Debug|Any CPU.Build.0 = Debug|Any CPU
		{6718F82E-0D42-4971-B6B9-9D16D2391440}.Release|Any CPU.ActiveCfg = Debug|Any CPU
		{6718F82E-0D42-4971-B6B9-9D16D2391440}.Release|Any CPU.Build.0 = Debug|Any CPU
		{B8E4C98C-135D-4682-8614-A1D6B3523527}.Debug|Any CPU.ActiveCfg = Debug|Any CPU
		{B8E4C98C-135D-4682-8614-A1D6B3523527}.Debug|Any CPU.Build.0 = Debug|Any CPU
		{B8E4C98C-135D-4682-8614-A1D6B3523527}.Release|Any CPU.ActiveCfg = Release|Any CPU
		{B8E4C98C-135D-4682-8614-A1D6B3523527}.Release|Any CPU.Build.0 = Release|Any CPU
	EndGlobalSection
	GlobalSection(SolutionProperties) = preSolution
		HideSolutionNode = FALSE
	EndGlobalSection
	GlobalSection(ExtensibilityGlobals) = postSolution
		SolutionGuid = {93DCF2E3-5C69-4DF7-B686-5B142B7602CF}
	EndGlobalSection
EndGlobal
